
Microsoft Visual Studio Solution File, Format Version 12.00
# Visual Studio Version 16
VisualStudioVersion = 16.0.30717.126
MinimumVisualStudioVersion = 10.0.40219.1
Project("{9A19103F-16F7-4668-BE54-9A1E7A4F7556}") = "Gestion_Scolarite", "Gestion_Scolarite\Gestion_Scolarite.csproj", "{025C7244-EE1B-4ECB-929E-2DBC9207B9FF}"
EndProject
Global
	GlobalSection(SolutionConfigurationPlatforms) = preSolution
		Debug|Any CPU = Debug|Any CPU
		Release|Any CPU = Release|Any CPU
	EndGlobalSection
	GlobalSection(ProjectConfigurationPlatforms) = postSolution
		{025C7244-EE1B-4ECB-929E-2DBC9207B9FF}.Debug|Any CPU.ActiveCfg = Debug|Any CPU
		{025C7244-EE1B-4ECB-929E-2DBC9207B9FF}.Debug|Any CPU.Build.0 = Debug|Any CPU
		{025C7244-EE1B-4ECB-929E-2DBC9207B9FF}.Release|Any CPU.ActiveCfg = Release|Any CPU
		{025C7244-EE1B-4ECB-929E-2DBC9207B9FF}.Release|Any CPU.Build.0 = Release|Any CPU
	EndGlobalSection
	GlobalSection(SolutionProperties) = preSolution
		HideSolutionNode = FALSE
	EndGlobalSection
	GlobalSection(ExtensibilityGlobals) = postSolution
		SolutionGuid = {5F2002AB-31F8-403F-ACB8-D7CF74F44F98}
	EndGlobalSection
EndGlobal
